{
  "lockfileVersion": 1,
  "configVersion": 1,
  "workspaces": {
    "": {
      "name": "bun-api-template",
      "dependencies": {
        "hono": "^4.13.8",
        "zod": "^4.6.5",
      },
      "devDependencies": {
        "@biomejs/biome": "^2.5.14",
        "@types/bun": "latest",
        "lefthook": "^2.1.14",
        "typescript": "^6.0.3",
      },
    },
  },
  "packages": {
    "@biomejs/biome": ["@biomejs/biome@2.5.14", "", { "optionalDependencies": { "@biomejs/cli-darwin-arm64": "2.5.14", "@biomejs/cli-darwin-x64": "2.5.14", "@biomejs/cli-linux-arm64": "2.5.14", "@biomejs/cli-linux-arm64-musl": "2.5.14", "@biomejs/cli-linux-x64": "2.5.14", "@biomejs/cli-linux-x64-musl": "2.5.14", "@biomejs/cli-win32-arm64": "2.5.14", "@biomejs/cli-win32-x64": "2.5.14" }, "bin": { "biome": "bin/biome" } }, "sha512-0FabLIjd4M/dm8VFI86RMaLLdgepzbdfiAL2R8cr7V81OYYrP1w7Z73KfAwPK5h9SrEBXTzNG2y+mBwPo9xRnw=="],

    "@biomejs/cli-darwin-arm64": ["@biomejs/cli-darwin-arm64@2.5.14", "", { "os": "darwin", "cpu": "arm64" }, "sha512-UnzaXO65L4tsZimFITFP2M121GyhDcWFrT3pL5ZJ5U4XcS/0L5VHYytVohdCf/gnDUFHgl2I9xnt5bV/J1kxHQ=="],

    "@biomejs/cli-darwin-x64": ["@biomejs/cli-darwin-x64@2.5.14", "", { "os": "darwin", "cpu": "x64" }, "sha512-kiy8qA16K93J7uvFfWi4LgjqDpnRKyePAna6A0Y4jxyUga35SYpIZ2cNWlhy0lsfgqRenCpfymnJWEZ6mgpRgA=="],

    "@biomejs/cli-linux-arm64": ["@biomejs/cli-linux-arm64@2.5.14", "", { "os": "linux", "cpu": "arm64" }, "sha512-vO/9BaU1n30CiFNLx49gMTMtbCAAqlo/EqFoG0BU3deQInTbJrmXSmTQ9e3FoDZIKQnvSLDVNL4lx1ci7y1T1Q=="],

    "@biomejs/cli-linux-arm64-musl": ["@biomejs/cli-linux-arm64-musl@2.5.14", "", { "os": "linux", "cpu": "arm64" }, "sha512-SJ9PrZkBnnH9dHJDnxk34vKs0GB2dbsioaft6/hPhWJ7AHpwYH83Isnhj0FSRpFkGgpVfJ1lds23ApB2czUDLQ=="],

    "@biomejs/cli-linux-x64": ["@biomejs/cli-linux-x64@2.5.14", "", { "os": "linux", "cpu": "x64" }, "sha512-VHZRa7CCQBUWKxNwUvHJeuW03WFRgN5NWO//SDGOitc9QIeNyfA42V9zlKm+x82xFSG9Bzi5fi+hbhm9anO8yA=="],

    "@biomejs/cli-linux-x64-musl": ["@biomejs/cli-linux-x64-musl@2.5.14", "", { "os": "linux", "cpu": "x64" }, "sha512-2kI5PrMgW5dcEZYrstLPmUmCwkUwZY39rP4BN93Vxbwcs2O57LDQOktUZZYPvvspN5i0mhGr3TJtF5sU26NUWg=="],

    "@biomejs/cli-win32-arm64": ["@biomejs/cli-win32-arm64@2.5.14", "", { "os": "win32", "cpu": "arm64" }, "sha512-pHgAFffmZtaYoxavEsWEYNvcA7NwOIjLyqw2HXyLbt16xYryX0L4fMV2u0G9ag6LNYPIoqWaWqzUcnc6rLGGXg=="],

    "@biomejs/cli-win32-x64": ["@biomejs/cli-win32-x64@2.5.14", "", { "os": "win32", "cpu": "x64" }, "sha512-oJWmBhoHsnhUKIke+0gXDX0mltJrWHA1UyHsrTlXwX0TL64ilVZAo+TYZm97baecV0esBdpzy3k96q+09JaZUQ=="],

    "@types/bun": ["@types/bun@1.3.14", "", { "dependencies": { "bun-types": "1.3.14" } }, "sha512-h1hFqFVcvAvD9j9K7ZW7vd82aSA+rTdznZa+5bwvCwqSB1jmmfLcbIWhOLx1/+boy/xmjgCs/OMUL8hRJSmnPw=="],

    "@types/node": ["@types/node@26.0.1", "", { "dependencies": { "undici-types": "~8.3.0" } }, "sha512-fc3KiUoBt6kie0N9bIW3E47vZsuaMf0PM2AaUpLCLT0s/LvX1nxAim6Fc049cNxODPpGm6qRAuUOB86SkRuPQw=="],

    "bun-types": ["bun-types@1.3.14", "", { "dependencies": { "@types/node": "*" } }, "sha512-4N0ig0fEomHt5R0KCFWjovxow98rIoRwKolrYdCcknNwMekCXRnWEUvgu5soYV8QXtVsrUD8B95MBOZGPvr6KQ=="],

    "hono": ["hono@4.13.8", "", {}, "sha512-/Gng7NfoykZl2pjukW5Z6+8Yxm3BPRf86GTbQnt0SbySkvax4fyL4H3HhY1cCpBGmiW9XDRFzRV+CXK2W8QudQ=="],

    "lefthook": ["lefthook@2.1.14", "", { "optionalDependencies": { "lefthook-darwin-arm64": "2.1.14", "lefthook-darwin-x64": "2.1.14", "lefthook-freebsd-arm64": "2.1.14", "lefthook-freebsd-x64": "2.1.14", "lefthook-linux-arm64": "2.1.14", "lefthook-linux-x64": "2.1.14", "lefthook-openbsd-arm64": "2.1.14", "lefthook-openbsd-x64": "2.1.14", "lefthook-windows-arm64": "2.1.14", "lefthook-windows-x64": "2.1.14" }, "bin": { "lefthook": "bin/index.js" } }, "sha512-Y9TL1dmpRlIdSp73SJ6bb+xAZ4s2SinGTK3pgC9PRWMSjMr2iOfowPGnlSOfAo5fu6S5rdiItsQDxeLEWCGk4g=="],

    "lefthook-darwin-arm64": ["lefthook-darwin-arm64@2.1.14", "", { "os": "darwin", "cpu": "arm64" }, "sha512-VMUAqY81+8ph7Mc0iROd3JWqj2sOuK7SYDyd8ZgzYVKChCt+Nnz8ehd4gUwprJy7QI28IFSUh1M3wnIRiYh+fA=="],

    "lefthook-darwin-x64": ["lefthook-darwin-x64@2.1.14", "", { "os": "darwin", "cpu": "x64" }, "sha512-uSmjcPRU+yB+D6vk+u6WJDnyHlB+XIv1QZw97N2+qNGG2bNSLH/7MuJ6puCdJv+lVPBEO5wBjE3JIbaEzPOQCw=="],

    "lefthook-freebsd-arm64": ["lefthook-freebsd-arm64@2.1.14", "", { "os": "freebsd", "cpu": "arm64" }, "sha512-po/pmjbp/7BjE9RFfeDnh+CeNsA0d+utppOYKB425I7mgI1GcmT8GAZ9DDut4DIutNjVqKL/lzrj+F87Gm40Rg=="],

    "lefthook-freebsd-x64": ["lefthook-freebsd-x64@2.1.14", "", { "os": "freebsd", "cpu": "x64" }, "sha512-+KiXiFjJf7YdHUYjzhDsklcA5bAFZN+pNcz/NbBftrhVTwzNALNoK+SYEKt+9QJsrzL6tpDWmHHFpeLGp+8t8w=="],

    "lefthook-linux-arm64": ["lefthook-linux-arm64@2.1.14", "", { "os": "linux", "cpu": "arm64" }, "sha512-bjeJB16ftJaPWGTedssh8ZrqRy1ACfQuTV7a0O3NU1FoIsJtfHOm0o0mV4cPf4q+ZCVCwq1Xf2I11qUpuJFV4Q=="],

    "lefthook-linux-x64": ["lefthook-linux-x64@2.1.14", "", { "os": "linux", "cpu": "x64" }, "sha512-gYExzjU2w3uKrP1MklbHENS1cXUdCQRIiEJkykI7q4RjhIHi+mQEUAZLxZw93a6jE2pNWaO0me5tB8EbEt4/GQ=="],

    "lefthook-openbsd-arm64": ["lefthook-openbsd-arm64@2.1.14", "", { "os": "openbsd", "cpu": "arm64" }, "sha512-MCW76gTlEMBF3Ds8O63UTxjaSguha/5zT0U3Vr719I1sXueSpttfRmm/5YfIB4MygB116yA/Vi+DsizT/X0kcg=="],

    "lefthook-openbsd-x64": ["lefthook-openbsd-x64@2.1.14", "", { "os": "openbsd", "cpu": "x64" }, "sha512-salAc1PAhLI6xrB9pth5UxALQlTOGvZAfaAvgFwixhkdu8D//uW8zS3faFq31ktd1bDAy5wDI8p9yg+fF5+2uA=="],

    "lefthook-windows-arm64": ["lefthook-windows-arm64@2.1.14", "", { "os": "win32", "cpu": "arm64" }, "sha512-q3JC6lBrYLzkhXEhfnmFxJF47gSd5JeDweH3aNrHoLGX/KkRiOrk9RSyoRwSuGq03EYxSkJhl1FLj2GUxF7VqQ=="],

    "lefthook-windows-x64": ["lefthook-windows-x64@2.1.14", "", { "os": "win32", "cpu": "x64" }, "sha512-WwIxdwW1lDAaJUU3ETcKlCtdqluGr3Cy+LjKvP4QIQnFf0FEXL78THstIkZ6k6qhfUn7/WvyqSIf0cbTAKw2nQ=="],

    "typescript": ["typescript@6.0.3", "", { "bin": { "tsc": "bin/tsc", "tsserver": "bin/tsserver" } }, "sha512-y2TvuxSZPDyQakkFRPZHKFm+KKVqIisdg9/CZwm9ftvKXLP8NRWj38/ODjNbr43SsoXqNuAisEf1GdCxqWcdBw=="],

    "undici-types": ["undici-types@8.3.0", "", {}, "sha512-j375ScV60dom+YkPFIfTLcOiPxkN/buHz5GobjLhixFuANaNs3C9l4GmrWqejgXWJ7BbJcFYpTEUkS1Ge8bpZQ=="],

    "zod": ["zod@4.6.5", "", {}, "sha512-v5l/aFXZQeai4awLbOpSoHecE9UiMrnfx75tEXLjNonXVARxQ5mOeipTjROUchszUNCqnE+hqAMujRsRHsut2Q=="],
  }
}
